
Microsoft Visual Studio Solution File, Format Version 12.00
# Visual Studio Version 17
VisualStudioVersion = 17.1.32228.430
MinimumVisualStudioVersion = 10.0.40219.1
Project("{9A19103F-16F7-4668-BE54-9A1E7A4F7556}") = "lab_1", "lab_1\lab_1.csproj", "{9E918CEA-AB44-475D-A634-FCE27FF427CB}"
EndProject
Project("{FAE04EC0-301F-11D3-BF4B-00C04F79EFBC}") = "lab1.UnitTest", "lab1.UnitTest\lab1.UnitTest.csproj", "{9CCEDD9C-33BE-448B-B074-7FD537C45E99}"
EndProject
Global
	GlobalSection(SolutionConfigurationPlatforms) = preSolution
		Debug|Any CPU = Debug|Any CPU
		Release|Any CPU = Release|Any CPU
	EndGlobalSection
	GlobalSection(ProjectConfigurationPlatforms) = postSolution
		{9E918CEA-AB44-475D-A634-FCE27FF427CB}.Debug|Any CPU.ActiveCfg = Debug|Any CPU
		{9E918CEA-AB44-475D-A634-FCE27FF427CB}.Debug|Any CPU.Build.0 = Debug|Any CPU
		{9E918CEA-AB44-475D-A634-FCE27FF427CB}.Release|Any CPU.ActiveCfg = Release|Any CPU
		{9E918CEA-AB44-475D-A634-FCE27FF427CB}.Release|Any CPU.Build.0 = Release|Any CPU
		{9CCEDD9C-33BE-448B-B074-7FD537C45E99}.Debug|Any CPU.ActiveCfg = Debug|Any CPU
		{9CCEDD9C-33BE-448B-B074-7FD537C45E99}.Debug|Any CPU.Build.0 = Debug|Any CPU
		{9CCEDD9C-33BE-448B-B074-7FD537C45E99}.Release|Any CPU.ActiveCfg = Release|Any CPU
		{9CCEDD9C-33BE-448B-B074-7FD537C45E99}.Release|Any CPU.Build.0 = Release|Any CPU
	EndGlobalSection
	GlobalSection(SolutionProperties) = preSolution
		HideSolutionNode = FALSE
	EndGlobalSection
	GlobalSection(ExtensibilityGlobals) = postSolution
		SolutionGuid = {556DCA40-A1CB-4A3F-B4BF-E8FD5CD261FA}
	EndGlobalSection
EndGlobal
